{
  "version": 4,
  "terraform_version": "1.14.5",
  "serial": 163,
  "lineage": "728ffa95-7336-51bc-f853-b81f3617064f",
  "outputs": {},
  "resources": [
    {
      "mode": "managed",
      "type": "azurerm_resource_group",
      "name": "NetworkRG",
      "provider": "provider[\"registry.terraform.io/hashicorp/azurerm\"]",
      "instances": [
        {
          "schema_version": 0,
          "attributes": {
            "id": "/subscriptions/14ab915d-41b0-4182-8f86-cd71430bb4b1/resourceGroups/NetworkRG",
            "location": "centralus",
            "managed_by": "",
            "name": "NetworkRG",
            "tags": null,
            "timeouts": null
          },
          "sensitive_attributes": [],
          "identity_schema_version": 0,
          "identity": {
            "name": "NetworkRG",
            "subscription_id": "14ab915d-41b0-4182-8f86-cd71430bb4b1"
          },
          "private": "eyJlMmJmYjczMC1lY2FhLTExZTYtOGY4OC0zNDM2M2JjN2M0YzAiOnsiY3JlYXRlIjo1NDAwMDAwMDAwMDAwLCJkZWxldGUiOjU0MDAwMDAwMDAwMDAsInJlYWQiOjMwMDAwMDAwMDAwMCwidXBkYXRlIjo1NDAwMDAwMDAwMDAwfX0="
        }
      ]
    },
    {
      "mode": "managed",
      "type": "azurerm_service_plan",
      "name": "serviceplan",
      "provider": "provider[\"registry.terraform.io/hashicorp/azurerm\"]",
      "instances": [
        {
          "index_key": "serviceplan102412",
          "schema_version": 1,
          "attributes": {
            "app_service_environment_id": "",
            "id": "/subscriptions/14ab915d-41b0-4182-8f86-cd71430bb4b1/resourceGroups/NetworkRG/providers/Microsoft.Web/serverFarms/serviceplan102412",
            "kind": "app",
            "location": "centralus",
            "maximum_elastic_worker_count": 1,
            "name": "serviceplan102412",
            "os_type": "Windows",
            "per_site_scaling_enabled": false,
            "premium_plan_auto_scale_enabled": false,
            "reserved": false,
            "resource_group_name": "NetworkRG",
            "sku_name": "F1",
            "tags": null,
            "timeouts": null,
            "worker_count": 0,
            "zone_balancing_enabled": false
          },
          "sensitive_attributes": [],
          "identity_schema_version": 0,
          "identity": {
            "name": "serviceplan102412",
            "resource_group_name": "NetworkRG",
            "subscription_id": "14ab915d-41b0-4182-8f86-cd71430bb4b1"
          },
          "private": "eyJlMmJmYjczMC1lY2FhLTExZTYtOGY4OC0zNDM2M2JjN2M0YzAiOnsiY3JlYXRlIjozNjAwMDAwMDAwMDAwLCJkZWxldGUiOjM2MDAwMDAwMDAwMDAsInJlYWQiOjMwMDAwMDAwMDAwMCwidXBkYXRlIjozNjAwMDAwMDAwMDAwfSwic2NoZW1hX3ZlcnNpb24iOiIxIn0=",
          "dependencies": [
            "azurerm_resource_group.NetworkRG"
          ]
        }
      ]
    },
    {
      "mode": "managed",
      "type": "azurerm_windows_web_app",
      "name": "webapp",
      "provider": "provider[\"registry.terraform.io/hashicorp/azurerm\"]",
      "instances": [
        {
          "index_key": "webapp102412",
          "schema_version": 1,
          "attributes": {
            "app_settings": null,
            "auth_settings": [
              {
                "active_directory": [],
                "additional_login_parameters": {},
                "allowed_external_redirect_urls": [],
                "default_provider": "",
                "enabled": false,
                "facebook": [],
                "github": [],
                "google": [],
                "issuer": "",
                "microsoft": [],
                "runtime_version": "",
                "token_refresh_extension_hours": 0,
                "token_store_enabled": false,
                "twitter": [],
                "unauthenticated_client_action": ""
              }
            ],
            "auth_settings_v2": [],
            "backup": [],
            "client_affinity_enabled": false,
            "client_certificate_enabled": false,
            "client_certificate_exclusion_paths": "",
            "client_certificate_mode": "Required",
            "connection_string": [],
            "custom_domain_verification_id": "1F60D638A346FE08DAC187FE248B1F42AF791A9FEA18B1BFAFB45968DD293D80",
            "default_hostname": "webapp102412.azurewebsites.net",
            "enabled": true,
            "ftp_publish_basic_authentication_enabled": true,
            "hosting_environment_id": "",
            "https_only": false,
            "id": "/subscriptions/14ab915d-41b0-4182-8f86-cd71430bb4b1/resourceGroups/NetworkRG/providers/Microsoft.Web/sites/webapp102412",
            "identity": [],
            "key_vault_reference_identity_id": "SystemAssigned",
            "kind": "app",
            "location": "centralus",
            "logs": [],
            "name": "webapp102412",
            "outbound_ip_address_list": [
              "20.12.170.157",
              "20.118.56.7"
            ],
            "outbound_ip_addresses": "20.12.170.157,20.118.56.7",
            "possible_outbound_ip_address_list": [
              "20.84.239.140",
              "20.84.239.154",
              "20.84.239.157",
              "20.84.239.165",
              "20.84.239.200",
              "20.84.239.205",
              "20.12.170.157",
              "20.84.239.216",
              "20.84.239.239",
              "20.109.248.5",
              "20.109.248.37",
              "20.109.248.43",
              "20.109.248.57",
              "20.109.248.154",
              "20.109.248.160",
              "20.109.248.165",
              "20.109.248.166",
              "20.109.248.168",
              "20.109.248.201",
              "20.109.248.202",
              "20.84.237.24",
              "20.109.248.219",
              "20.109.248.222",
              "20.109.249.102",
              "20.109.249.122",
              "20.109.249.124",
              "20.109.249.126",
              "20.109.249.129",
              "20.109.249.134",
              "20.109.249.152",
              "20.109.249.159",
              "20.118.56.7"
            ],
            "possible_outbound_ip_addresses": "20.84.239.140,20.84.239.154,20.84.239.157,20.84.239.165,20.84.239.200,20.84.239.205,20.12.170.157,20.84.239.216,20.84.239.239,20.109.248.5,20.109.248.37,20.109.248.43,20.109.248.57,20.109.248.154,20.109.248.160,20.109.248.165,20.109.248.166,20.109.248.168,20.109.248.201,20.109.248.202,20.84.237.24,20.109.248.219,20.109.248.222,20.109.249.102,20.109.249.122,20.109.249.124,20.109.249.126,20.109.249.129,20.109.249.134,20.109.249.152,20.109.249.159,20.118.56.7",
            "public_network_access_enabled": true,
            "resource_group_name": "NetworkRG",
            "service_plan_id": "/subscriptions/14ab915d-41b0-4182-8f86-cd71430bb4b1/resourceGroups/NetworkRG/providers/Microsoft.Web/serverFarms/serviceplan102412",
            "site_config": [
              {
                "always_on": false,
                "api_definition_url": "",
                "api_management_api_id": "",
                "app_command_line": "",
                "application_stack": [
                  {
                    "current_stack": "dotnet",
                    "docker_image_name": "",
                    "docker_registry_password": "",
                    "docker_registry_url": "",
                    "docker_registry_username": "",
                    "dotnet_core_version": "",
                    "dotnet_version": "v10.0",
                    "java_container": "",
                    "java_container_version": "",
                    "java_embedded_server_enabled": false,
                    "java_version": "",
                    "node_version": "",
                    "php_version": "5.6",
                    "python": false,
                    "tomcat_version": ""
                  }
                ],
                "auto_heal_setting": [],
                "container_registry_managed_identity_client_id": "",
                "container_registry_use_managed_identity": false,
                "cors": [],
                "default_documents": [
                  "Default.htm",
                  "Default.html",
                  "Default.asp",
                  "index.htm",
                  "index.html",
                  "iisstart.htm",
                  "default.aspx",
                  "index.php",
                  "hostingstart.html"
                ],
                "detailed_error_logging_enabled": false,
                "ftps_state": "Disabled",
                "handler_mapping": [],
                "health_check_eviction_time_in_min": 0,
                "health_check_path": "",
                "http2_enabled": false,
                "ip_restriction": [],
                "ip_restriction_default_action": "Allow",
                "linux_fx_version": "",
                "load_balancing_mode": "LeastRequests",
                "local_mysql_enabled": false,
                "managed_pipeline_mode": "Integrated",
                "minimum_tls_version": "1.2",
                "remote_debugging_enabled": false,
                "remote_debugging_version": "VS2022",
                "scm_ip_restriction": [],
                "scm_ip_restriction_default_action": "Allow",
                "scm_minimum_tls_version": "1.2",
                "scm_type": "None",
                "scm_use_main_ip_restriction": false,
                "use_32_bit_worker": true,
                "virtual_application": [],
                "vnet_route_all_enabled": false,
                "websockets_enabled": false,
                "windows_fx_version": "",
                "worker_count": 1
              }
            ],
            "site_credential": [
              {
                "name": "$webapp102412",
                "password": "cvjCqfb4wtLkC4HTBWBa5m20FjzFtRsnbhcuFnjCDARRBT5gbDMXSbliLih8"
              }
            ],
            "sticky_settings": [],
            "storage_account": [],
            "tags": null,
            "timeouts": null,
            "virtual_network_backup_restore_enabled": false,
            "virtual_network_image_pull_enabled": false,
            "virtual_network_subnet_id": "",
            "webdeploy_publish_basic_authentication_enabled": true,
            "zip_deploy_file": ""
          },
          "sensitive_attributes": [
            [
              {
                "type": "get_attr",
                "value": "custom_domain_verification_id"
              }
            ],
            [
              {
                "type": "get_attr",
                "value": "site_config"
              },
              {
                "type": "index",
                "value": {
                  "value": 0,
                  "type": "number"
                }
              },
              {
                "type": "get_attr",
                "value": "application_stack"
              },
              {
                "type": "index",
                "value": {
                  "value": 0,
                  "type": "number"
                }
              },
              {
                "type": "get_attr",
                "value": "docker_registry_password"
              }
            ],
            [
              {
                "type": "get_attr",
                "value": "site_credential"
              }
            ]
          ],
          "identity_schema_version": 0,
          "private": "eyJlMmJmYjczMC1lY2FhLTExZTYtOGY4OC0zNDM2M2JjN2M0YzAiOnsiY3JlYXRlIjoxODAwMDAwMDAwMDAwLCJkZWxldGUiOjE4MDAwMDAwMDAwMDAsInJlYWQiOjMwMDAwMDAwMDAwMCwidXBkYXRlIjoxODAwMDAwMDAwMDAwfSwic2NoZW1hX3ZlcnNpb24iOiIxIn0=",
          "dependencies": [
            "azurerm_resource_group.NetworkRG",
            "azurerm_service_plan.serviceplan"
          ]
        }
      ]
    }
  ],
  "check_results": null
}
