{
  "version": 4,
  "terraform_version": "1.14.5",
  "serial": 195,
  "lineage": "470232a3-1494-dfd7-ce2e-5740a5e2dfe3",
  "outputs": {},
  "resources": [
    {
      "module": "module.load-balance",
      "mode": "managed",
      "type": "azurerm_lb",
      "name": "appbalancer",
      "provider": "provider[\"registry.terraform.io/hashicorp/azurerm\"]",
      "instances": [
        {
          "schema_version": 0,
          "attributes": {
            "edge_zone": "",
            "frontend_ip_configuration": [
              {
                "gateway_load_balancer_frontend_ip_configuration_id": "",
                "id": "/subscriptions/14ab915d-41b0-4182-8f86-cd71430bb4b1/resourceGroups/NetworkRG/providers/Microsoft.Network/loadBalancers/app-balancer/frontendIPConfigurations/frontend-ip",
                "inbound_nat_rules": [],
                "load_balancer_rules": [],
                "name": "frontend-ip",
                "outbound_rules": [],
                "private_ip_address": "",
                "private_ip_address_allocation": "Dynamic",
                "private_ip_address_version": "",
                "public_ip_address_id": "/subscriptions/14ab915d-41b0-4182-8f86-cd71430bb4b1/resourceGroups/NetworkRG/providers/Microsoft.Network/publicIPAddresses/Load_Balancer_Pip",
                "public_ip_prefix_id": "",
                "subnet_id": "",
                "zones": null
              }
            ],
            "id": "/subscriptions/14ab915d-41b0-4182-8f86-cd71430bb4b1/resourceGroups/NetworkRG/providers/Microsoft.Network/loadBalancers/app-balancer",
            "location": "centralus",
            "name": "app-balancer",
            "private_ip_address": "",
            "private_ip_addresses": [],
            "public_ip_address_id": null,
            "resource_group_name": "NetworkRG",
            "sku": "Standard",
            "sku_tier": "Regional",
            "subnet_id": null,
            "tags": null,
            "timeouts": null
          },
          "sensitive_attributes": [],
          "identity_schema_version": 0,
          "private": "eyJlMmJmYjczMC1lY2FhLTExZTYtOGY4OC0zNDM2M2JjN2M0YzAiOnsiY3JlYXRlIjoxODAwMDAwMDAwMDAwLCJkZWxldGUiOjE4MDAwMDAwMDAwMDAsInJlYWQiOjMwMDAwMDAwMDAwMCwidXBkYXRlIjoxODAwMDAwMDAwMDAwfX0=",
          "dependencies": [
            "module.load-balance.azurerm_public_ip.Load_Balancer_Pip"
          ]
        }
      ]
    },
    {
      "module": "module.load-balance",
      "mode": "managed",
      "type": "azurerm_lb_backend_address_pool",
      "name": "virtual_machine_pool",
      "provider": "provider[\"registry.terraform.io/hashicorp/azurerm\"]",
      "instances": [
        {
          "schema_version": 0,
          "attributes": {
            "backend_ip_configurations": [],
            "id": "/subscriptions/14ab915d-41b0-4182-8f86-cd71430bb4b1/resourceGroups/NetworkRG/providers/Microsoft.Network/loadBalancers/app-balancer/backendAddressPools/VirtualMachinePool",
            "inbound_nat_rules": [],
            "load_balancing_rules": [],
            "loadbalancer_id": "/subscriptions/14ab915d-41b0-4182-8f86-cd71430bb4b1/resourceGroups/NetworkRG/providers/Microsoft.Network/loadBalancers/app-balancer",
            "name": "VirtualMachinePool",
            "outbound_rules": [],
            "synchronous_mode": "",
            "timeouts": null,
            "tunnel_interface": [],
            "virtual_network_id": ""
          },
          "sensitive_attributes": [],
          "identity_schema_version": 0,
          "private": "eyJlMmJmYjczMC1lY2FhLTExZTYtOGY4OC0zNDM2M2JjN2M0YzAiOnsiY3JlYXRlIjoxODAwMDAwMDAwMDAwLCJkZWxldGUiOjE4MDAwMDAwMDAwMDAsInJlYWQiOjMwMDAwMDAwMDAwMCwidXBkYXRlIjoxODAwMDAwMDAwMDAwfX0=",
          "dependencies": [
            "module.load-balance.azurerm_lb.appbalancer",
            "module.load-balance.azurerm_public_ip.Load_Balancer_Pip"
          ]
        }
      ]
    },
    {
      "module": "module.load-balance",
      "mode": "managed",
      "type": "azurerm_lb_backend_address_pool_address",
      "name": "appvmaddress",
      "provider": "provider[\"registry.terraform.io/hashicorp/azurerm\"]",
      "instances": [
        {
          "index_key": 0,
          "schema_version": 0,
          "attributes": {
            "backend_address_ip_configuration_id": "",
            "backend_address_pool_id": "/subscriptions/14ab915d-41b0-4182-8f86-cd71430bb4b1/resourceGroups/NetworkRG/providers/Microsoft.Network/loadBalancers/app-balancer/backendAddressPools/VirtualMachinePool",
            "id": "/subscriptions/14ab915d-41b0-4182-8f86-cd71430bb4b1/resourceGroups/NetworkRG/providers/Microsoft.Network/loadBalancers/app-balancer/backendAddressPools/VirtualMachinePool/addresses/machine0",
            "inbound_nat_rule_port_mapping": [],
            "ip_address": "10.0.0.4",
            "name": "machine0",
            "timeouts": null,
            "virtual_network_id": "/subscriptions/14ab915d-41b0-4182-8f86-cd71430bb4b1/resourceGroups/NetworkRG/providers/Microsoft.Network/virtualNetworks/vnet01"
          },
          "sensitive_attributes": [],
          "identity_schema_version": 0,
          "private": "eyJlMmJmYjczMC1lY2FhLTExZTYtOGY4OC0zNDM2M2JjN2M0YzAiOnsiY3JlYXRlIjoxODAwMDAwMDAwMDAwLCJkZWxldGUiOjE4MDAwMDAwMDAwMDAsInJlYWQiOjMwMDAwMDAwMDAwMCwidXBkYXRlIjoxODAwMDAwMDAwMDAwfX0=",
          "dependencies": [
            "module.load-balance.azurerm_lb.appbalancer",
            "module.load-balance.azurerm_lb_backend_address_pool.virtual_machine_pool",
            "module.load-balance.azurerm_public_ip.Load_Balancer_Pip",
            "module.network.azurerm_network_interface.Network_Interface",
            "module.network.azurerm_public_ip.Public_Ipaddress",
            "module.network.azurerm_subnet.Network_subnets",
            "module.network.azurerm_virtual_network.Vnet01",
            "module.resource-group.azurerm_resource_group.NetworkRG"
          ]
        },
        {
          "index_key": 1,
          "schema_version": 0,
          "attributes": {
            "backend_address_ip_configuration_id": "",
            "backend_address_pool_id": "/subscriptions/14ab915d-41b0-4182-8f86-cd71430bb4b1/resourceGroups/NetworkRG/providers/Microsoft.Network/loadBalancers/app-balancer/backendAddressPools/VirtualMachinePool",
            "id": "/subscriptions/14ab915d-41b0-4182-8f86-cd71430bb4b1/resourceGroups/NetworkRG/providers/Microsoft.Network/loadBalancers/app-balancer/backendAddressPools/VirtualMachinePool/addresses/machine1",
            "inbound_nat_rule_port_mapping": [],
            "ip_address": "10.0.1.4",
            "name": "machine1",
            "timeouts": null,
            "virtual_network_id": "/subscriptions/14ab915d-41b0-4182-8f86-cd71430bb4b1/resourceGroups/NetworkRG/providers/Microsoft.Network/virtualNetworks/vnet01"
          },
          "sensitive_attributes": [],
          "identity_schema_version": 0,
          "private": "eyJlMmJmYjczMC1lY2FhLTExZTYtOGY4OC0zNDM2M2JjN2M0YzAiOnsiY3JlYXRlIjoxODAwMDAwMDAwMDAwLCJkZWxldGUiOjE4MDAwMDAwMDAwMDAsInJlYWQiOjMwMDAwMDAwMDAwMCwidXBkYXRlIjoxODAwMDAwMDAwMDAwfX0=",
          "dependencies": [
            "module.load-balance.azurerm_lb.appbalancer",
            "module.load-balance.azurerm_lb_backend_address_pool.virtual_machine_pool",
            "module.load-balance.azurerm_public_ip.Load_Balancer_Pip",
            "module.network.azurerm_network_interface.Network_Interface",
            "module.network.azurerm_public_ip.Public_Ipaddress",
            "module.network.azurerm_subnet.Network_subnets",
            "module.network.azurerm_virtual_network.Vnet01",
            "module.resource-group.azurerm_resource_group.NetworkRG"
          ]
        }
      ]
    },
    {
      "module": "module.load-balance",
      "mode": "managed",
      "type": "azurerm_lb_probe",
      "name": "probeA",
      "provider": "provider[\"registry.terraform.io/hashicorp/azurerm\"]",
      "instances": [
        {
          "schema_version": 0,
          "attributes": {
            "id": "/subscriptions/14ab915d-41b0-4182-8f86-cd71430bb4b1/resourceGroups/NetworkRG/providers/Microsoft.Network/loadBalancers/app-balancer/probes/probeA",
            "interval_in_seconds": 15,
            "load_balancer_rules": [],
            "loadbalancer_id": "/subscriptions/14ab915d-41b0-4182-8f86-cd71430bb4b1/resourceGroups/NetworkRG/providers/Microsoft.Network/loadBalancers/app-balancer",
            "name": "probeA",
            "number_of_probes": 2,
            "port": 80,
            "probe_threshold": 1,
            "protocol": "Tcp",
            "request_path": "",
            "timeouts": null
          },
          "sensitive_attributes": [],
          "identity_schema_version": 0,
          "private": "eyJlMmJmYjczMC1lY2FhLTExZTYtOGY4OC0zNDM2M2JjN2M0YzAiOnsiY3JlYXRlIjoxODAwMDAwMDAwMDAwLCJkZWxldGUiOjE4MDAwMDAwMDAwMDAsInJlYWQiOjMwMDAwMDAwMDAwMCwidXBkYXRlIjoxODAwMDAwMDAwMDAwfX0=",
          "dependencies": [
            "module.load-balance.azurerm_lb.appbalancer",
            "module.load-balance.azurerm_public_ip.Load_Balancer_Pip"
          ]
        }
      ]
    },
    {
      "module": "module.load-balance",
      "mode": "managed",
      "type": "azurerm_lb_rule",
      "name": "RuleA",
      "provider": "provider[\"registry.terraform.io/hashicorp/azurerm\"]",
      "instances": [
        {
          "schema_version": 0,
          "attributes": {
            "backend_address_pool_ids": [
              "/subscriptions/14ab915d-41b0-4182-8f86-cd71430bb4b1/resourceGroups/NetworkRG/providers/Microsoft.Network/loadBalancers/app-balancer/backendAddressPools/VirtualMachinePool"
            ],
            "backend_port": 80,
            "disable_outbound_snat": false,
            "enable_floating_ip": false,
            "enable_tcp_reset": false,
            "floating_ip_enabled": false,
            "frontend_ip_configuration_id": "/subscriptions/14ab915d-41b0-4182-8f86-cd71430bb4b1/resourceGroups/NetworkRG/providers/Microsoft.Network/loadBalancers/app-balancer/frontendIPConfigurations/frontend-ip",
            "frontend_ip_configuration_name": "frontend-ip",
            "frontend_port": 80,
            "id": "/subscriptions/14ab915d-41b0-4182-8f86-cd71430bb4b1/resourceGroups/NetworkRG/providers/Microsoft.Network/loadBalancers/app-balancer/loadBalancingRules/RuleA",
            "idle_timeout_in_minutes": 4,
            "load_distribution": "Default",
            "loadbalancer_id": "/subscriptions/14ab915d-41b0-4182-8f86-cd71430bb4b1/resourceGroups/NetworkRG/providers/Microsoft.Network/loadBalancers/app-balancer",
            "name": "RuleA",
            "probe_id": "/subscriptions/14ab915d-41b0-4182-8f86-cd71430bb4b1/resourceGroups/NetworkRG/providers/Microsoft.Network/loadBalancers/app-balancer/probes/probeA",
            "protocol": "Tcp",
            "tcp_reset_enabled": false,
            "timeouts": null
          },
          "sensitive_attributes": [],
          "identity_schema_version": 0,
          "private": "eyJlMmJmYjczMC1lY2FhLTExZTYtOGY4OC0zNDM2M2JjN2M0YzAiOnsiY3JlYXRlIjoxODAwMDAwMDAwMDAwLCJkZWxldGUiOjE4MDAwMDAwMDAwMDAsInJlYWQiOjMwMDAwMDAwMDAwMCwidXBkYXRlIjoxODAwMDAwMDAwMDAwfX0=",
          "dependencies": [
            "module.load-balance.azurerm_lb.appbalancer",
            "module.load-balance.azurerm_lb_backend_address_pool.virtual_machine_pool",
            "module.load-balance.azurerm_lb_probe.probeA",
            "module.load-balance.azurerm_public_ip.Load_Balancer_Pip"
          ]
        }
      ]
    },
    {
      "module": "module.load-balance",
      "mode": "managed",
      "type": "azurerm_public_ip",
      "name": "Load_Balancer_Pip",
      "provider": "provider[\"registry.terraform.io/hashicorp/azurerm\"]",
      "instances": [
        {
          "schema_version": 0,
          "attributes": {
            "allocation_method": "Static",
            "ddos_protection_mode": "VirtualNetworkInherited",
            "ddos_protection_plan_id": null,
            "domain_name_label": null,
            "domain_name_label_scope": null,
            "edge_zone": "",
            "fqdn": null,
            "id": "/subscriptions/14ab915d-41b0-4182-8f86-cd71430bb4b1/resourceGroups/NetworkRG/providers/Microsoft.Network/publicIPAddresses/Load_Balancer_Pip",
            "idle_timeout_in_minutes": 4,
            "ip_address": "20.9.4.239",
            "ip_tags": null,
            "ip_version": "IPv4",
            "location": "centralus",
            "name": "Load_Balancer_Pip",
            "public_ip_prefix_id": null,
            "resource_group_name": "NetworkRG",
            "reverse_fqdn": null,
            "sku": "Standard",
            "sku_tier": "Regional",
            "tags": null,
            "timeouts": null,
            "zones": null
          },
          "sensitive_attributes": [],
          "identity_schema_version": 0,
          "private": "eyJlMmJmYjczMC1lY2FhLTExZTYtOGY4OC0zNDM2M2JjN2M0YzAiOnsiY3JlYXRlIjoxODAwMDAwMDAwMDAwLCJkZWxldGUiOjE4MDAwMDAwMDAwMDAsInJlYWQiOjMwMDAwMDAwMDAwMCwidXBkYXRlIjoxODAwMDAwMDAwMDAwfX0="
        }
      ]
    },
    {
      "module": "module.machines",
      "mode": "data",
      "type": "local_file",
      "name": "cloudinit",
      "provider": "provider[\"registry.terraform.io/hashicorp/local\"]",
      "instances": [
        {
          "schema_version": 0,
          "attributes": {
            "content": "package_upgrade: true\npackages:\n    - nginx",
            "content_base64": "cGFja2FnZV91cGdyYWRlOiB0cnVlCnBhY2thZ2VzOgogICAgLSBuZ2lueA==",
            "content_base64sha256": "HPainRZ/hv1g1WC4lgAaChNVvVzSbfkc2SLqcCYWIlk=",
            "content_base64sha512": "zSuG+byaYzHEln77rkz5AOWqPj7zEzqTOHN9EupzLgs3Sry3384fAXGu4tqAML9zmD6MPba3Dh1WLMhQ/NIl1w==",
            "content_md5": "9fe12794a99fcd83f3a92982161c44c3",
            "content_sha1": "621bdf548dcfa8aab84f03a56f3eca699b4b3084",
            "content_sha256": "1cf6a29d167f86fd60d560b896001a0a1355bd5cd26df91cd922ea7026162259",
            "content_sha512": "cd2b86f9bc9a6331c4967efbae4cf900e5aa3e3ef3133a9338737d12ea732e0b374abcb7dfce1f0171aee2da8030bf73983e8c3db6b70e1d562cc850fcd225d7",
            "filename": "./modules/compute/VirtualMachines/cloudinit",
            "id": "621bdf548dcfa8aab84f03a56f3eca699b4b3084"
          },
          "sensitive_attributes": [],
          "identity_schema_version": 0
        }
      ]
    },
    {
      "module": "module.machines",
      "mode": "managed",
      "type": "azurerm_linux_virtual_machine",
      "name": "Lion-DC",
      "provider": "provider[\"registry.terraform.io/hashicorp/azurerm\"]",
      "instances": [
        {
          "index_key": 0,
          "schema_version": 0,
          "attributes": {
            "additional_capabilities": [],
            "admin_password": "Bankfab.1234$",
            "admin_ssh_key": [],
            "admin_username": "adam",
            "allow_extension_operations": true,
            "availability_set_id": "",
            "boot_diagnostics": [],
            "bypass_platform_safety_checks_on_user_schedule_enabled": false,
            "capacity_reservation_group_id": "",
            "computer_name": "Lion-DC1",
            "custom_data": null,
            "dedicated_host_group_id": "",
            "dedicated_host_id": "",
            "disable_password_authentication": false,
            "disk_controller_type": "SCSI",
            "edge_zone": "",
            "encryption_at_host_enabled": false,
            "eviction_policy": "",
            "extensions_time_budget": "PT1H30M",
            "gallery_application": [],
            "id": "/subscriptions/14ab915d-41b0-4182-8f86-cd71430bb4b1/resourceGroups/NetworkRG/providers/Microsoft.Compute/virtualMachines/Lion-DC1",
            "identity": [],
            "license_type": "",
            "location": "centralus",
            "max_bid_price": -1,
            "name": "Lion-DC1",
            "network_interface_ids": [
              "/subscriptions/14ab915d-41b0-4182-8f86-cd71430bb4b1/resourceGroups/NetworkRG/providers/Microsoft.Network/networkInterfaces/interface-01"
            ],
            "os_disk": [
              {
                "caching": "ReadWrite",
                "diff_disk_settings": [],
                "disk_encryption_set_id": "",
                "disk_size_gb": 30,
                "id": "/subscriptions/14ab915d-41b0-4182-8f86-cd71430bb4b1/resourceGroups/NetworkRG/providers/Microsoft.Compute/disks/Lion-DC1_disk1_8b7518a9edc74b679f4b018a9ddee2ef",
                "name": "Lion-DC1_disk1_8b7518a9edc74b679f4b018a9ddee2ef",
                "secure_vm_disk_encryption_set_id": "",
                "security_encryption_type": "",
                "storage_account_type": "Standard_LRS",
                "write_accelerator_enabled": false
              }
            ],
            "os_image_notification": [],
            "os_managed_disk_id": "/subscriptions/14ab915d-41b0-4182-8f86-cd71430bb4b1/resourceGroups/NetworkRG/providers/Microsoft.Compute/disks/Lion-DC1_disk1_8b7518a9edc74b679f4b018a9ddee2ef",
            "patch_assessment_mode": "ImageDefault",
            "patch_mode": "ImageDefault",
            "plan": [],
            "platform_fault_domain": -1,
            "priority": "Regular",
            "private_ip_address": "10.0.0.4",
            "private_ip_addresses": [
              "10.0.0.4"
            ],
            "provision_vm_agent": true,
            "proximity_placement_group_id": "",
            "public_ip_address": "20.118.213.99",
            "public_ip_addresses": [
              "20.118.213.99"
            ],
            "reboot_setting": "",
            "resource_group_name": "NetworkRG",
            "secret": [],
            "secure_boot_enabled": false,
            "size": "Standard_B2s",
            "source_image_id": "",
            "source_image_reference": [
              {
                "offer": "ubuntu-24_04-lts",
                "publisher": "Canonical",
                "sku": "server",
                "version": "latest"
              }
            ],
            "tags": {},
            "termination_notification": [],
            "timeouts": null,
            "user_data": "",
            "virtual_machine_id": "0e560e0a-31ee-41c0-add0-af0c3047fe02",
            "virtual_machine_scale_set_id": "",
            "vm_agent_platform_updates_enabled": false,
            "vtpm_enabled": false,
            "zone": ""
          },
          "sensitive_attributes": [
            [
              {
                "type": "get_attr",
                "value": "admin_password"
              }
            ],
            [
              {
                "type": "get_attr",
                "value": "custom_data"
              }
            ]
          ],
          "identity_schema_version": 0,
          "private": "eyJlMmJmYjczMC1lY2FhLTExZTYtOGY4OC0zNDM2M2JjN2M0YzAiOnsiY3JlYXRlIjoyNzAwMDAwMDAwMDAwLCJkZWxldGUiOjI3MDAwMDAwMDAwMDAsInJlYWQiOjMwMDAwMDAwMDAwMCwidXBkYXRlIjoyNzAwMDAwMDAwMDAwfX0=",
          "dependencies": [
            "module.network.azurerm_network_interface.Network_Interface",
            "module.network.azurerm_public_ip.Public_Ipaddress",
            "module.network.azurerm_subnet.Network_subnets",
            "module.network.azurerm_virtual_network.Vnet01",
            "module.resource-group.azurerm_resource_group.NetworkRG"
          ]
        },
        {
          "index_key": 1,
          "schema_version": 0,
          "attributes": {
            "additional_capabilities": [],
            "admin_password": "Bankfab.1234$",
            "admin_ssh_key": [],
            "admin_username": "adam",
            "allow_extension_operations": true,
            "availability_set_id": "",
            "boot_diagnostics": [],
            "bypass_platform_safety_checks_on_user_schedule_enabled": false,
            "capacity_reservation_group_id": "",
            "computer_name": "Lion-DC2",
            "custom_data": null,
            "dedicated_host_group_id": "",
            "dedicated_host_id": "",
            "disable_password_authentication": false,
            "disk_controller_type": "SCSI",
            "edge_zone": "",
            "encryption_at_host_enabled": false,
            "eviction_policy": "",
            "extensions_time_budget": "PT1H30M",
            "gallery_application": [],
            "id": "/subscriptions/14ab915d-41b0-4182-8f86-cd71430bb4b1/resourceGroups/NetworkRG/providers/Microsoft.Compute/virtualMachines/Lion-DC2",
            "identity": [],
            "license_type": "",
            "location": "centralus",
            "max_bid_price": -1,
            "name": "Lion-DC2",
            "network_interface_ids": [
              "/subscriptions/14ab915d-41b0-4182-8f86-cd71430bb4b1/resourceGroups/NetworkRG/providers/Microsoft.Network/networkInterfaces/interface-02"
            ],
            "os_disk": [
              {
                "caching": "ReadWrite",
                "diff_disk_settings": [],
                "disk_encryption_set_id": "",
                "disk_size_gb": 30,
                "id": "/subscriptions/14ab915d-41b0-4182-8f86-cd71430bb4b1/resourceGroups/NetworkRG/providers/Microsoft.Compute/disks/Lion-DC2_disk1_0b79f1695ba14e3480b19466a4f02833",
                "name": "Lion-DC2_disk1_0b79f1695ba14e3480b19466a4f02833",
                "secure_vm_disk_encryption_set_id": "",
                "security_encryption_type": "",
                "storage_account_type": "Standard_LRS",
                "write_accelerator_enabled": false
              }
            ],
            "os_image_notification": [],
            "os_managed_disk_id": "/subscriptions/14ab915d-41b0-4182-8f86-cd71430bb4b1/resourceGroups/NetworkRG/providers/Microsoft.Compute/disks/Lion-DC2_disk1_0b79f1695ba14e3480b19466a4f02833",
            "patch_assessment_mode": "ImageDefault",
            "patch_mode": "ImageDefault",
            "plan": [],
            "platform_fault_domain": -1,
            "priority": "Regular",
            "private_ip_address": "10.0.1.4",
            "private_ip_addresses": [
              "10.0.1.4"
            ],
            "provision_vm_agent": true,
            "proximity_placement_group_id": "",
            "public_ip_address": "20.29.68.9",
            "public_ip_addresses": [
              "20.29.68.9"
            ],
            "reboot_setting": "",
            "resource_group_name": "NetworkRG",
            "secret": [],
            "secure_boot_enabled": false,
            "size": "Standard_B2s",
            "source_image_id": "",
            "source_image_reference": [
              {
                "offer": "ubuntu-24_04-lts",
                "publisher": "Canonical",
                "sku": "server",
                "version": "latest"
              }
            ],
            "tags": {},
            "termination_notification": [],
            "timeouts": null,
            "user_data": "",
            "virtual_machine_id": "122f4bec-abe9-4335-92a5-401e60d707d0",
            "virtual_machine_scale_set_id": "",
            "vm_agent_platform_updates_enabled": false,
            "vtpm_enabled": false,
            "zone": ""
          },
          "sensitive_attributes": [
            [
              {
                "type": "get_attr",
                "value": "admin_password"
              }
            ],
            [
              {
                "type": "get_attr",
                "value": "custom_data"
              }
            ]
          ],
          "identity_schema_version": 0,
          "private": "eyJlMmJmYjczMC1lY2FhLTExZTYtOGY4OC0zNDM2M2JjN2M0YzAiOnsiY3JlYXRlIjoyNzAwMDAwMDAwMDAwLCJkZWxldGUiOjI3MDAwMDAwMDAwMDAsInJlYWQiOjMwMDAwMDAwMDAwMCwidXBkYXRlIjoyNzAwMDAwMDAwMDAwfX0=",
          "dependencies": [
            "module.network.azurerm_network_interface.Network_Interface",
            "module.network.azurerm_public_ip.Public_Ipaddress",
            "module.network.azurerm_subnet.Network_subnets",
            "module.network.azurerm_virtual_network.Vnet01",
            "module.resource-group.azurerm_resource_group.NetworkRG"
          ]
        }
      ]
    },
    {
      "module": "module.network",
      "mode": "managed",
      "type": "azurerm_network_interface",
      "name": "Network_Interface",
      "provider": "provider[\"registry.terraform.io/hashicorp/azurerm\"]",
      "instances": [
        {
          "index_key": 0,
          "schema_version": 0,
          "attributes": {
            "accelerated_networking_enabled": false,
            "applied_dns_servers": [],
            "auxiliary_mode": "",
            "auxiliary_sku": "",
            "dns_servers": [],
            "edge_zone": "",
            "id": "/subscriptions/14ab915d-41b0-4182-8f86-cd71430bb4b1/resourceGroups/NetworkRG/providers/Microsoft.Network/networkInterfaces/interface-01",
            "internal_dns_name_label": "",
            "internal_domain_name_suffix": "5k35fku3xjvexaldmojwhjh1od.gx.internal.cloudapp.net",
            "ip_configuration": [
              {
                "gateway_load_balancer_frontend_ip_configuration_id": "",
                "name": "internal",
                "primary": true,
                "private_ip_address": "10.0.0.4",
                "private_ip_address_allocation": "Dynamic",
                "private_ip_address_version": "IPv4",
                "public_ip_address_id": "/subscriptions/14ab915d-41b0-4182-8f86-cd71430bb4b1/resourceGroups/NetworkRG/providers/Microsoft.Network/publicIPAddresses/public-ip010",
                "subnet_id": "/subscriptions/14ab915d-41b0-4182-8f86-cd71430bb4b1/resourceGroups/NetworkRG/providers/Microsoft.Network/virtualNetworks/vnet01/subnets/subnet0"
              }
            ],
            "ip_forwarding_enabled": false,
            "location": "centralus",
            "mac_address": "00-22-48-46-E6-3A",
            "name": "interface-01",
            "private_ip_address": "10.0.0.4",
            "private_ip_addresses": [
              "10.0.0.4"
            ],
            "resource_group_name": "NetworkRG",
            "tags": {},
            "timeouts": null,
            "virtual_machine_id": "/subscriptions/14ab915d-41b0-4182-8f86-cd71430bb4b1/resourceGroups/NetworkRG/providers/Microsoft.Compute/virtualMachines/Lion-DC1"
          },
          "sensitive_attributes": [],
          "identity_schema_version": 0,
          "identity": {
            "name": "interface-01",
            "resource_group_name": "NetworkRG",
            "subscription_id": "14ab915d-41b0-4182-8f86-cd71430bb4b1"
          },
          "private": "eyJlMmJmYjczMC1lY2FhLTExZTYtOGY4OC0zNDM2M2JjN2M0YzAiOnsiY3JlYXRlIjoxODAwMDAwMDAwMDAwLCJkZWxldGUiOjE4MDAwMDAwMDAwMDAsInJlYWQiOjMwMDAwMDAwMDAwMCwidXBkYXRlIjoxODAwMDAwMDAwMDAwfX0=",
          "dependencies": [
            "module.network.azurerm_public_ip.Public_Ipaddress",
            "module.network.azurerm_subnet.Network_subnets",
            "module.network.azurerm_virtual_network.Vnet01",
            "module.resource-group.azurerm_resource_group.NetworkRG"
          ]
        },
        {
          "index_key": 1,
          "schema_version": 0,
          "attributes": {
            "accelerated_networking_enabled": false,
            "applied_dns_servers": [],
            "auxiliary_mode": "",
            "auxiliary_sku": "",
            "dns_servers": [],
            "edge_zone": "",
            "id": "/subscriptions/14ab915d-41b0-4182-8f86-cd71430bb4b1/resourceGroups/NetworkRG/providers/Microsoft.Network/networkInterfaces/interface-02",
            "internal_dns_name_label": "",
            "internal_domain_name_suffix": "5k35fku3xjvexaldmojwhjh1od.gx.internal.cloudapp.net",
            "ip_configuration": [
              {
                "gateway_load_balancer_frontend_ip_configuration_id": "",
                "name": "internal",
                "primary": true,
                "private_ip_address": "10.0.1.4",
                "private_ip_address_allocation": "Dynamic",
                "private_ip_address_version": "IPv4",
                "public_ip_address_id": "/subscriptions/14ab915d-41b0-4182-8f86-cd71430bb4b1/resourceGroups/NetworkRG/providers/Microsoft.Network/publicIPAddresses/public-ip011",
                "subnet_id": "/subscriptions/14ab915d-41b0-4182-8f86-cd71430bb4b1/resourceGroups/NetworkRG/providers/Microsoft.Network/virtualNetworks/vnet01/subnets/subnet1"
              }
            ],
            "ip_forwarding_enabled": false,
            "location": "centralus",
            "mac_address": "7C-ED-8D-E2-5C-3C",
            "name": "interface-02",
            "private_ip_address": "10.0.1.4",
            "private_ip_addresses": [
              "10.0.1.4"
            ],
            "resource_group_name": "NetworkRG",
            "tags": {},
            "timeouts": null,
            "virtual_machine_id": "/subscriptions/14ab915d-41b0-4182-8f86-cd71430bb4b1/resourceGroups/NetworkRG/providers/Microsoft.Compute/virtualMachines/Lion-DC2"
          },
          "sensitive_attributes": [],
          "identity_schema_version": 0,
          "identity": {
            "name": "interface-02",
            "resource_group_name": "NetworkRG",
            "subscription_id": "14ab915d-41b0-4182-8f86-cd71430bb4b1"
          },
          "private": "eyJlMmJmYjczMC1lY2FhLTExZTYtOGY4OC0zNDM2M2JjN2M0YzAiOnsiY3JlYXRlIjoxODAwMDAwMDAwMDAwLCJkZWxldGUiOjE4MDAwMDAwMDAwMDAsInJlYWQiOjMwMDAwMDAwMDAwMCwidXBkYXRlIjoxODAwMDAwMDAwMDAwfX0=",
          "dependencies": [
            "module.network.azurerm_public_ip.Public_Ipaddress",
            "module.network.azurerm_subnet.Network_subnets",
            "module.network.azurerm_virtual_network.Vnet01",
            "module.resource-group.azurerm_resource_group.NetworkRG"
          ]
        }
      ]
    },
    {
      "module": "module.network",
      "mode": "managed",
      "type": "azurerm_network_security_group",
      "name": "Network_Security_Group",
      "provider": "provider[\"registry.terraform.io/hashicorp/azurerm\"]",
      "instances": [
        {
          "schema_version": 0,
          "attributes": {
            "id": "/subscriptions/14ab915d-41b0-4182-8f86-cd71430bb4b1/resourceGroups/NetworkRG/providers/Microsoft.Network/networkSecurityGroups/network-nsg",
            "location": "centralus",
            "name": "network-nsg",
            "resource_group_name": "NetworkRG",
            "security_rule": [
              {
                "access": "Allow",
                "description": "",
                "destination_address_prefix": "*",
                "destination_address_prefixes": [],
                "destination_application_security_group_ids": [],
                "destination_port_range": "22",
                "destination_port_ranges": [],
                "direction": "Inbound",
                "name": "Allow-22",
                "priority": 300,
                "protocol": "Tcp",
                "source_address_prefix": "*",
                "source_address_prefixes": [],
                "source_application_security_group_ids": [],
                "source_port_range": "*",
                "source_port_ranges": []
              },
              {
                "access": "Allow",
                "description": "",
                "destination_address_prefix": "*",
                "destination_address_prefixes": [],
                "destination_application_security_group_ids": [],
                "destination_port_range": "80",
                "destination_port_ranges": [],
                "direction": "Inbound",
                "name": "Allow-80",
                "priority": 310,
                "protocol": "Tcp",
                "source_address_prefix": "*",
                "source_address_prefixes": [],
                "source_application_security_group_ids": [],
                "source_port_range": "*",
                "source_port_ranges": []
              }
            ],
            "tags": {},
            "timeouts": null
          },
          "sensitive_attributes": [],
          "identity_schema_version": 0,
          "identity": {
            "name": "network-nsg",
            "resource_group_name": "NetworkRG",
            "subscription_id": "14ab915d-41b0-4182-8f86-cd71430bb4b1"
          },
          "private": "eyJlMmJmYjczMC1lY2FhLTExZTYtOGY4OC0zNDM2M2JjN2M0YzAiOnsiY3JlYXRlIjoxODAwMDAwMDAwMDAwLCJkZWxldGUiOjE4MDAwMDAwMDAwMDAsInJlYWQiOjMwMDAwMDAwMDAwMCwidXBkYXRlIjoxODAwMDAwMDAwMDAwfX0=",
          "dependencies": [
            "module.resource-group.azurerm_resource_group.NetworkRG"
          ]
        }
      ]
    },
    {
      "module": "module.network",
      "mode": "managed",
      "type": "azurerm_public_ip",
      "name": "Public_Ipaddress",
      "provider": "provider[\"registry.terraform.io/hashicorp/azurerm\"]",
      "instances": [
        {
          "index_key": 0,
          "schema_version": 0,
          "attributes": {
            "allocation_method": "Static",
            "ddos_protection_mode": "VirtualNetworkInherited",
            "ddos_protection_plan_id": null,
            "domain_name_label": null,
            "domain_name_label_scope": null,
            "edge_zone": "",
            "fqdn": null,
            "id": "/subscriptions/14ab915d-41b0-4182-8f86-cd71430bb4b1/resourceGroups/NetworkRG/providers/Microsoft.Network/publicIPAddresses/public-ip010",
            "idle_timeout_in_minutes": 4,
            "ip_address": "20.118.213.99",
            "ip_tags": {},
            "ip_version": "IPv4",
            "location": "centralus",
            "name": "public-ip010",
            "public_ip_prefix_id": null,
            "resource_group_name": "NetworkRG",
            "reverse_fqdn": null,
            "sku": "Standard",
            "sku_tier": "Regional",
            "tags": {},
            "timeouts": null,
            "zones": []
          },
          "sensitive_attributes": [],
          "identity_schema_version": 0,
          "private": "eyJlMmJmYjczMC1lY2FhLTExZTYtOGY4OC0zNDM2M2JjN2M0YzAiOnsiY3JlYXRlIjoxODAwMDAwMDAwMDAwLCJkZWxldGUiOjE4MDAwMDAwMDAwMDAsInJlYWQiOjMwMDAwMDAwMDAwMCwidXBkYXRlIjoxODAwMDAwMDAwMDAwfX0=",
          "dependencies": [
            "module.resource-group.azurerm_resource_group.NetworkRG"
          ]
        },
        {
          "index_key": 1,
          "schema_version": 0,
          "attributes": {
            "allocation_method": "Static",
            "ddos_protection_mode": "VirtualNetworkInherited",
            "ddos_protection_plan_id": null,
            "domain_name_label": null,
            "domain_name_label_scope": null,
            "edge_zone": "",
            "fqdn": null,
            "id": "/subscriptions/14ab915d-41b0-4182-8f86-cd71430bb4b1/resourceGroups/NetworkRG/providers/Microsoft.Network/publicIPAddresses/public-ip011",
            "idle_timeout_in_minutes": 4,
            "ip_address": "20.29.68.9",
            "ip_tags": {},
            "ip_version": "IPv4",
            "location": "centralus",
            "name": "public-ip011",
            "public_ip_prefix_id": null,
            "resource_group_name": "NetworkRG",
            "reverse_fqdn": null,
            "sku": "Standard",
            "sku_tier": "Regional",
            "tags": {},
            "timeouts": null,
            "zones": []
          },
          "sensitive_attributes": [],
          "identity_schema_version": 0,
          "private": "eyJlMmJmYjczMC1lY2FhLTExZTYtOGY4OC0zNDM2M2JjN2M0YzAiOnsiY3JlYXRlIjoxODAwMDAwMDAwMDAwLCJkZWxldGUiOjE4MDAwMDAwMDAwMDAsInJlYWQiOjMwMDAwMDAwMDAwMCwidXBkYXRlIjoxODAwMDAwMDAwMDAwfX0=",
          "dependencies": [
            "module.resource-group.azurerm_resource_group.NetworkRG"
          ]
        }
      ]
    },
    {
      "module": "module.network",
      "mode": "managed",
      "type": "azurerm_subnet",
      "name": "Network_subnets",
      "provider": "provider[\"registry.terraform.io/hashicorp/azurerm\"]",
      "instances": [
        {
          "index_key": 0,
          "schema_version": 0,
          "attributes": {
            "address_prefixes": [
              "10.0.0.0/24"
            ],
            "default_outbound_access_enabled": true,
            "delegation": [],
            "id": "/subscriptions/14ab915d-41b0-4182-8f86-cd71430bb4b1/resourceGroups/NetworkRG/providers/Microsoft.Network/virtualNetworks/vnet01/subnets/subnet0",
            "ip_address_pool": [],
            "name": "subnet0",
            "private_endpoint_network_policies": "Disabled",
            "private_link_service_network_policies_enabled": true,
            "resource_group_name": "NetworkRG",
            "service_endpoint_policy_ids": [],
            "service_endpoints": [],
            "sharing_scope": "",
            "timeouts": null,
            "virtual_network_name": "vnet01"
          },
          "sensitive_attributes": [],
          "identity_schema_version": 0,
          "identity": {
            "name": "subnet0",
            "resource_group_name": "NetworkRG",
            "subscription_id": "14ab915d-41b0-4182-8f86-cd71430bb4b1",
            "virtual_network_name": "vnet01"
          },
          "private": "eyJlMmJmYjczMC1lY2FhLTExZTYtOGY4OC0zNDM2M2JjN2M0YzAiOnsiY3JlYXRlIjoxODAwMDAwMDAwMDAwLCJkZWxldGUiOjE4MDAwMDAwMDAwMDAsInJlYWQiOjMwMDAwMDAwMDAwMCwidXBkYXRlIjoxODAwMDAwMDAwMDAwfX0=",
          "dependencies": [
            "module.network.azurerm_virtual_network.Vnet01",
            "module.resource-group.azurerm_resource_group.NetworkRG"
          ]
        },
        {
          "index_key": 1,
          "schema_version": 0,
          "attributes": {
            "address_prefixes": [
              "10.0.1.0/24"
            ],
            "default_outbound_access_enabled": true,
            "delegation": [],
            "id": "/subscriptions/14ab915d-41b0-4182-8f86-cd71430bb4b1/resourceGroups/NetworkRG/providers/Microsoft.Network/virtualNetworks/vnet01/subnets/subnet1",
            "ip_address_pool": [],
            "name": "subnet1",
            "private_endpoint_network_policies": "Disabled",
            "private_link_service_network_policies_enabled": true,
            "resource_group_name": "NetworkRG",
            "service_endpoint_policy_ids": [],
            "service_endpoints": [],
            "sharing_scope": "",
            "timeouts": null,
            "virtual_network_name": "vnet01"
          },
          "sensitive_attributes": [],
          "identity_schema_version": 0,
          "identity": {
            "name": "subnet1",
            "resource_group_name": "NetworkRG",
            "subscription_id": "14ab915d-41b0-4182-8f86-cd71430bb4b1",
            "virtual_network_name": "vnet01"
          },
          "private": "eyJlMmJmYjczMC1lY2FhLTExZTYtOGY4OC0zNDM2M2JjN2M0YzAiOnsiY3JlYXRlIjoxODAwMDAwMDAwMDAwLCJkZWxldGUiOjE4MDAwMDAwMDAwMDAsInJlYWQiOjMwMDAwMDAwMDAwMCwidXBkYXRlIjoxODAwMDAwMDAwMDAwfX0=",
          "dependencies": [
            "module.network.azurerm_virtual_network.Vnet01",
            "module.resource-group.azurerm_resource_group.NetworkRG"
          ]
        }
      ]
    },
    {
      "module": "module.network",
      "mode": "managed",
      "type": "azurerm_subnet_network_security_group_association",
      "name": "subnet_nsg",
      "provider": "provider[\"registry.terraform.io/hashicorp/azurerm\"]",
      "instances": [
        {
          "index_key": 0,
          "schema_version": 0,
          "attributes": {
            "id": "/subscriptions/14ab915d-41b0-4182-8f86-cd71430bb4b1/resourceGroups/NetworkRG/providers/Microsoft.Network/virtualNetworks/vnet01/subnets/subnet0",
            "network_security_group_id": "/subscriptions/14ab915d-41b0-4182-8f86-cd71430bb4b1/resourceGroups/NetworkRG/providers/Microsoft.Network/networkSecurityGroups/network-nsg",
            "subnet_id": "/subscriptions/14ab915d-41b0-4182-8f86-cd71430bb4b1/resourceGroups/NetworkRG/providers/Microsoft.Network/virtualNetworks/vnet01/subnets/subnet0",
            "timeouts": null
          },
          "sensitive_attributes": [],
          "identity_schema_version": 0,
          "private": "eyJlMmJmYjczMC1lY2FhLTExZTYtOGY4OC0zNDM2M2JjN2M0YzAiOnsiY3JlYXRlIjoxODAwMDAwMDAwMDAwLCJkZWxldGUiOjE4MDAwMDAwMDAwMDAsInJlYWQiOjMwMDAwMDAwMDAwMH19",
          "dependencies": [
            "module.network.azurerm_network_security_group.Network_Security_Group",
            "module.network.azurerm_subnet.Network_subnets",
            "module.network.azurerm_virtual_network.Vnet01",
            "module.resource-group.azurerm_resource_group.NetworkRG"
          ]
        },
        {
          "index_key": 1,
          "schema_version": 0,
          "attributes": {
            "id": "/subscriptions/14ab915d-41b0-4182-8f86-cd71430bb4b1/resourceGroups/NetworkRG/providers/Microsoft.Network/virtualNetworks/vnet01/subnets/subnet1",
            "network_security_group_id": "/subscriptions/14ab915d-41b0-4182-8f86-cd71430bb4b1/resourceGroups/NetworkRG/providers/Microsoft.Network/networkSecurityGroups/network-nsg",
            "subnet_id": "/subscriptions/14ab915d-41b0-4182-8f86-cd71430bb4b1/resourceGroups/NetworkRG/providers/Microsoft.Network/virtualNetworks/vnet01/subnets/subnet1",
            "timeouts": null
          },
          "sensitive_attributes": [],
          "identity_schema_version": 0,
          "private": "eyJlMmJmYjczMC1lY2FhLTExZTYtOGY4OC0zNDM2M2JjN2M0YzAiOnsiY3JlYXRlIjoxODAwMDAwMDAwMDAwLCJkZWxldGUiOjE4MDAwMDAwMDAwMDAsInJlYWQiOjMwMDAwMDAwMDAwMH19",
          "dependencies": [
            "module.network.azurerm_network_security_group.Network_Security_Group",
            "module.network.azurerm_subnet.Network_subnets",
            "module.network.azurerm_virtual_network.Vnet01",
            "module.resource-group.azurerm_resource_group.NetworkRG"
          ]
        }
      ]
    },
    {
      "module": "module.network",
      "mode": "managed",
      "type": "azurerm_virtual_network",
      "name": "Vnet01",
      "provider": "provider[\"registry.terraform.io/hashicorp/azurerm\"]",
      "instances": [
        {
          "schema_version": 0,
          "attributes": {
            "address_space": [
              "10.0.0.0/16"
            ],
            "bgp_community": "",
            "ddos_protection_plan": [],
            "dns_servers": [],
            "edge_zone": "",
            "encryption": [],
            "flow_timeout_in_minutes": 0,
            "guid": "aaf2bbfa-ba9d-4b6a-8163-639363a4fb73",
            "id": "/subscriptions/14ab915d-41b0-4182-8f86-cd71430bb4b1/resourceGroups/NetworkRG/providers/Microsoft.Network/virtualNetworks/vnet01",
            "ip_address_pool": [],
            "location": "centralus",
            "name": "vnet01",
            "private_endpoint_vnet_policies": "Disabled",
            "resource_group_name": "NetworkRG",
            "subnet": [
              {
                "address_prefixes": [
                  "10.0.0.0/24"
                ],
                "default_outbound_access_enabled": true,
                "delegation": [],
                "id": "/subscriptions/14ab915d-41b0-4182-8f86-cd71430bb4b1/resourceGroups/NetworkRG/providers/Microsoft.Network/virtualNetworks/vnet01/subnets/subnet0",
                "name": "subnet0",
                "private_endpoint_network_policies": "Disabled",
                "private_link_service_network_policies_enabled": true,
                "route_table_id": "",
                "security_group": "/subscriptions/14ab915d-41b0-4182-8f86-cd71430bb4b1/resourceGroups/NetworkRG/providers/Microsoft.Network/networkSecurityGroups/network-nsg",
                "service_endpoint_policy_ids": [],
                "service_endpoints": []
              },
              {
                "address_prefixes": [
                  "10.0.1.0/24"
                ],
                "default_outbound_access_enabled": true,
                "delegation": [],
                "id": "/subscriptions/14ab915d-41b0-4182-8f86-cd71430bb4b1/resourceGroups/NetworkRG/providers/Microsoft.Network/virtualNetworks/vnet01/subnets/subnet1",
                "name": "subnet1",
                "private_endpoint_network_policies": "Disabled",
                "private_link_service_network_policies_enabled": true,
                "route_table_id": "",
                "security_group": "/subscriptions/14ab915d-41b0-4182-8f86-cd71430bb4b1/resourceGroups/NetworkRG/providers/Microsoft.Network/networkSecurityGroups/network-nsg",
                "service_endpoint_policy_ids": [],
                "service_endpoints": []
              }
            ],
            "tags": {},
            "timeouts": null
          },
          "sensitive_attributes": [],
          "identity_schema_version": 0,
          "identity": {
            "name": "vnet01",
            "resource_group_name": "NetworkRG",
            "subscription_id": "14ab915d-41b0-4182-8f86-cd71430bb4b1"
          },
          "private": "eyJlMmJmYjczMC1lY2FhLTExZTYtOGY4OC0zNDM2M2JjN2M0YzAiOnsiY3JlYXRlIjoxODAwMDAwMDAwMDAwLCJkZWxldGUiOjE4MDAwMDAwMDAwMDAsInJlYWQiOjMwMDAwMDAwMDAwMCwidXBkYXRlIjoxODAwMDAwMDAwMDAwfX0=",
          "dependencies": [
            "module.resource-group.azurerm_resource_group.NetworkRG"
          ]
        }
      ]
    },
    {
      "module": "module.resource-group",
      "mode": "managed",
      "type": "azurerm_resource_group",
      "name": "NetworkRG",
      "provider": "provider[\"registry.terraform.io/hashicorp/azurerm\"]",
      "instances": [
        {
          "schema_version": 0,
          "attributes": {
            "id": "/subscriptions/14ab915d-41b0-4182-8f86-cd71430bb4b1/resourceGroups/NetworkRG",
            "location": "centralus",
            "managed_by": "",
            "name": "NetworkRG",
            "tags": {},
            "timeouts": null
          },
          "sensitive_attributes": [],
          "identity_schema_version": 0,
          "identity": {
            "name": "NetworkRG",
            "subscription_id": "14ab915d-41b0-4182-8f86-cd71430bb4b1"
          },
          "private": "eyJlMmJmYjczMC1lY2FhLTExZTYtOGY4OC0zNDM2M2JjN2M0YzAiOnsiY3JlYXRlIjo1NDAwMDAwMDAwMDAwLCJkZWxldGUiOjU0MDAwMDAwMDAwMDAsInJlYWQiOjMwMDAwMDAwMDAwMCwidXBkYXRlIjo1NDAwMDAwMDAwMDAwfX0="
        }
      ]
    }
  ],
  "check_results": null
}
