{
  "version": 4,
  "terraform_version": "1.14.4",
  "serial": 159,
  "lineage": "728ffa95-7336-51bc-f853-b81f3617064f",
  "outputs": {},
  "resources": [
    {
      "mode": "managed",
      "type": "azurerm_network_interface",
      "name": "webinterface01",
      "provider": "provider[\"registry.terraform.io/hashicorp/azurerm\"]",
      "instances": [
        {
          "schema_version": 0,
          "attributes": {
            "accelerated_networking_enabled": false,
            "applied_dns_servers": [],
            "auxiliary_mode": "",
            "auxiliary_sku": "",
            "dns_servers": [],
            "edge_zone": "",
            "id": "/subscriptions/14ab915d-41b0-4182-8f86-cd71430bb4b1/resourceGroups/NetworkRG/providers/Microsoft.Network/networkInterfaces/webinterface01",
            "internal_dns_name_label": "",
            "internal_domain_name_suffix": "",
            "ip_configuration": [
              {
                "gateway_load_balancer_frontend_ip_configuration_id": "",
                "name": "internal",
                "primary": true,
                "private_ip_address": "10.192.0.4",
                "private_ip_address_allocation": "Dynamic",
                "private_ip_address_version": "IPv4",
                "public_ip_address_id": "/subscriptions/14ab915d-41b0-4182-8f86-cd71430bb4b1/resourceGroups/NetworkRG/providers/Microsoft.Network/publicIPAddresses/webip01",
                "subnet_id": "/subscriptions/14ab915d-41b0-4182-8f86-cd71430bb4b1/resourceGroups/NetworkRG/providers/Microsoft.Network/virtualNetworks/Vnet02/subnets/appsubnet02"
              }
            ],
            "ip_forwarding_enabled": false,
            "location": "centralus",
            "mac_address": "00-0D-3A-91-2A-7C",
            "name": "webinterface01",
            "private_ip_address": "10.192.0.4",
            "private_ip_addresses": [
              "10.192.0.4"
            ],
            "resource_group_name": "NetworkRG",
            "tags": {},
            "timeouts": null,
            "virtual_machine_id": ""
          },
          "sensitive_attributes": [],
          "identity_schema_version": 0,
          "identity": {
            "name": "webinterface01",
            "resource_group_name": "NetworkRG",
            "subscription_id": "14ab915d-41b0-4182-8f86-cd71430bb4b1"
          },
          "private": "eyJlMmJmYjczMC1lY2FhLTExZTYtOGY4OC0zNDM2M2JjN2M0YzAiOnsiY3JlYXRlIjoxODAwMDAwMDAwMDAwLCJkZWxldGUiOjE4MDAwMDAwMDAwMDAsInJlYWQiOjMwMDAwMDAwMDAwMCwidXBkYXRlIjoxODAwMDAwMDAwMDAwfX0=",
          "dependencies": [
            "azurerm_public_ip.webip01",
            "azurerm_resource_group.NetworkRG",
            "azurerm_subnet.appsubnet02",
            "azurerm_virtual_network.Vnet02"
          ]
        }
      ]
    },
    {
      "mode": "managed",
      "type": "azurerm_public_ip",
      "name": "webip01",
      "provider": "provider[\"registry.terraform.io/hashicorp/azurerm\"]",
      "instances": [
        {
          "schema_version": 0,
          "attributes": {
            "allocation_method": "Static",
            "ddos_protection_mode": "VirtualNetworkInherited",
            "ddos_protection_plan_id": null,
            "domain_name_label": null,
            "domain_name_label_scope": null,
            "edge_zone": "",
            "fqdn": null,
            "id": "/subscriptions/14ab915d-41b0-4182-8f86-cd71430bb4b1/resourceGroups/NetworkRG/providers/Microsoft.Network/publicIPAddresses/webip01",
            "idle_timeout_in_minutes": 4,
            "ip_address": "20.12.217.178",
            "ip_tags": {},
            "ip_version": "IPv4",
            "location": "centralus",
            "name": "webip01",
            "public_ip_prefix_id": null,
            "resource_group_name": "NetworkRG",
            "reverse_fqdn": null,
            "sku": "Standard",
            "sku_tier": "Regional",
            "tags": {},
            "timeouts": null,
            "zones": []
          },
          "sensitive_attributes": [],
          "identity_schema_version": 0,
          "private": "eyJlMmJmYjczMC1lY2FhLTExZTYtOGY4OC0zNDM2M2JjN2M0YzAiOnsiY3JlYXRlIjoxODAwMDAwMDAwMDAwLCJkZWxldGUiOjE4MDAwMDAwMDAwMDAsInJlYWQiOjMwMDAwMDAwMDAwMCwidXBkYXRlIjoxODAwMDAwMDAwMDAwfX0=",
          "dependencies": [
            "azurerm_resource_group.NetworkRG"
          ]
        }
      ]
    },
    {
      "mode": "managed",
      "type": "azurerm_resource_group",
      "name": "NetworkRG",
      "provider": "provider[\"registry.terraform.io/hashicorp/azurerm\"]",
      "instances": [
        {
          "schema_version": 0,
          "attributes": {
            "id": "/subscriptions/14ab915d-41b0-4182-8f86-cd71430bb4b1/resourceGroups/NetworkRG",
            "location": "centralus",
            "managed_by": "",
            "name": "NetworkRG",
            "tags": {},
            "timeouts": null
          },
          "sensitive_attributes": [],
          "identity_schema_version": 0,
          "identity": {
            "name": "NetworkRG",
            "subscription_id": "14ab915d-41b0-4182-8f86-cd71430bb4b1"
          },
          "private": "eyJlMmJmYjczMC1lY2FhLTExZTYtOGY4OC0zNDM2M2JjN2M0YzAiOnsiY3JlYXRlIjo1NDAwMDAwMDAwMDAwLCJkZWxldGUiOjU0MDAwMDAwMDAwMDAsInJlYWQiOjMwMDAwMDAwMDAwMCwidXBkYXRlIjo1NDAwMDAwMDAwMDAwfX0="
        }
      ]
    },
    {
      "mode": "managed",
      "type": "azurerm_subnet",
      "name": "appsubnet02",
      "provider": "provider[\"registry.terraform.io/hashicorp/azurerm\"]",
      "instances": [
        {
          "schema_version": 0,
          "attributes": {
            "address_prefixes": [
              "10.192.0.0/24"
            ],
            "default_outbound_access_enabled": true,
            "delegation": [],
            "id": "/subscriptions/14ab915d-41b0-4182-8f86-cd71430bb4b1/resourceGroups/NetworkRG/providers/Microsoft.Network/virtualNetworks/Vnet02/subnets/appsubnet02",
            "ip_address_pool": [],
            "name": "appsubnet02",
            "private_endpoint_network_policies": "Disabled",
            "private_link_service_network_policies_enabled": true,
            "resource_group_name": "NetworkRG",
            "service_endpoint_policy_ids": [],
            "service_endpoints": [],
            "sharing_scope": "",
            "timeouts": null,
            "virtual_network_name": "Vnet02"
          },
          "sensitive_attributes": [],
          "identity_schema_version": 0,
          "identity": {
            "name": "appsubnet02",
            "resource_group_name": "NetworkRG",
            "subscription_id": "14ab915d-41b0-4182-8f86-cd71430bb4b1",
            "virtual_network_name": "Vnet02"
          },
          "private": "eyJlMmJmYjczMC1lY2FhLTExZTYtOGY4OC0zNDM2M2JjN2M0YzAiOnsiY3JlYXRlIjoxODAwMDAwMDAwMDAwLCJkZWxldGUiOjE4MDAwMDAwMDAwMDAsInJlYWQiOjMwMDAwMDAwMDAwMCwidXBkYXRlIjoxODAwMDAwMDAwMDAwfX0=",
          "dependencies": [
            "azurerm_resource_group.NetworkRG",
            "azurerm_virtual_network.Vnet02"
          ]
        }
      ]
    },
    {
      "mode": "managed",
      "type": "azurerm_virtual_network",
      "name": "Vnet02",
      "provider": "provider[\"registry.terraform.io/hashicorp/azurerm\"]",
      "instances": [
        {
          "schema_version": 0,
          "attributes": {
            "address_space": [
              "10.192.0.0/16"
            ],
            "bgp_community": "",
            "ddos_protection_plan": [],
            "dns_servers": [],
            "edge_zone": "",
            "encryption": [],
            "flow_timeout_in_minutes": 0,
            "guid": "22b144ae-947f-4dbe-9c26-3c8199c3d6b8",
            "id": "/subscriptions/14ab915d-41b0-4182-8f86-cd71430bb4b1/resourceGroups/NetworkRG/providers/Microsoft.Network/virtualNetworks/Vnet02",
            "ip_address_pool": [],
            "location": "centralus",
            "name": "Vnet02",
            "private_endpoint_vnet_policies": "Disabled",
            "resource_group_name": "NetworkRG",
            "subnet": [
              {
                "address_prefixes": [
                  "10.192.0.0/24"
                ],
                "default_outbound_access_enabled": true,
                "delegation": [],
                "id": "/subscriptions/14ab915d-41b0-4182-8f86-cd71430bb4b1/resourceGroups/NetworkRG/providers/Microsoft.Network/virtualNetworks/Vnet02/subnets/appsubnet02",
                "name": "appsubnet02",
                "private_endpoint_network_policies": "Disabled",
                "private_link_service_network_policies_enabled": true,
                "route_table_id": "",
                "security_group": "",
                "service_endpoint_policy_ids": [],
                "service_endpoints": []
              },
              {
                "address_prefixes": [
                  "10.192.1.0/24"
                ],
                "default_outbound_access_enabled": true,
                "delegation": [],
                "id": "/subscriptions/14ab915d-41b0-4182-8f86-cd71430bb4b1/resourceGroups/NetworkRG/providers/Microsoft.Network/virtualNetworks/Vnet02/subnets/websubnet01",
                "name": "websubnet01",
                "private_endpoint_network_policies": "Disabled",
                "private_link_service_network_policies_enabled": true,
                "route_table_id": "",
                "security_group": "/subscriptions/14ab915d-41b0-4182-8f86-cd71430bb4b1/resourceGroups/NetworkRG/providers/Microsoft.Network/networkSecurityGroups/app-nsg",
                "service_endpoint_policy_ids": [],
                "service_endpoints": []
              }
            ],
            "tags": {},
            "timeouts": null
          },
          "sensitive_attributes": [],
          "identity_schema_version": 0,
          "identity": {
            "name": "Vnet02",
            "resource_group_name": "NetworkRG",
            "subscription_id": "14ab915d-41b0-4182-8f86-cd71430bb4b1"
          },
          "private": "eyJlMmJmYjczMC1lY2FhLTExZTYtOGY4OC0zNDM2M2JjN2M0YzAiOnsiY3JlYXRlIjoxODAwMDAwMDAwMDAwLCJkZWxldGUiOjE4MDAwMDAwMDAwMDAsInJlYWQiOjMwMDAwMDAwMDAwMCwidXBkYXRlIjoxODAwMDAwMDAwMDAwfX0=",
          "dependencies": [
            "azurerm_resource_group.NetworkRG"
          ]
        }
      ]
    }
  ],
  "check_results": null
}
