{
  "version": 4,
  "terraform_version": "1.14.5",
  "serial": 235,
  "lineage": "470232a3-1494-dfd7-ce2e-5740a5e2dfe3",
  "outputs": {},
  "resources": [
    {
      "module": "module.load-balance",
      "mode": "managed",
      "type": "azurerm_lb",
      "name": "appbalancer",
      "provider": "provider[\"registry.terraform.io/hashicorp/azurerm\"]",
      "instances": [
        {
          "schema_version": 0,
          "attributes": {
            "edge_zone": "",
            "frontend_ip_configuration": [
              {
                "gateway_load_balancer_frontend_ip_configuration_id": "",
                "id": "/subscriptions/14ab915d-41b0-4182-8f86-cd71430bb4b1/resourceGroups/NetworkRG/providers/Microsoft.Network/loadBalancers/app-balancer/frontendIPConfigurations/frontend-ip",
                "inbound_nat_rules": [],
                "load_balancer_rules": [
                  "/subscriptions/14ab915d-41b0-4182-8f86-cd71430bb4b1/resourceGroups/NetworkRG/providers/Microsoft.Network/loadBalancers/app-balancer/loadBalancingRules/RuleA"
                ],
                "name": "frontend-ip",
                "outbound_rules": [],
                "private_ip_address": "",
                "private_ip_address_allocation": "Dynamic",
                "private_ip_address_version": "",
                "public_ip_address_id": "/subscriptions/14ab915d-41b0-4182-8f86-cd71430bb4b1/resourceGroups/NetworkRG/providers/Microsoft.Network/publicIPAddresses/Load_Balancer_Pip",
                "public_ip_prefix_id": "",
                "subnet_id": "",
                "zones": []
              }
            ],
            "id": "/subscriptions/14ab915d-41b0-4182-8f86-cd71430bb4b1/resourceGroups/NetworkRG/providers/Microsoft.Network/loadBalancers/app-balancer",
            "location": "centralus",
            "name": "app-balancer",
            "private_ip_address": "",
            "private_ip_addresses": [],
            "public_ip_address_id": null,
            "resource_group_name": "NetworkRG",
            "sku": "Standard",
            "sku_tier": "Regional",
            "subnet_id": null,
            "tags": {},
            "timeouts": null
          },
          "sensitive_attributes": [],
          "identity_schema_version": 0,
          "private": "eyJlMmJmYjczMC1lY2FhLTExZTYtOGY4OC0zNDM2M2JjN2M0YzAiOnsiY3JlYXRlIjoxODAwMDAwMDAwMDAwLCJkZWxldGUiOjE4MDAwMDAwMDAwMDAsInJlYWQiOjMwMDAwMDAwMDAwMCwidXBkYXRlIjoxODAwMDAwMDAwMDAwfX0=",
          "dependencies": [
            "module.load-balance.azurerm_public_ip.Load_Balancer_Pip"
          ]
        }
      ]
    },
    {
      "module": "module.load-balance",
      "mode": "managed",
      "type": "azurerm_lb_backend_address_pool",
      "name": "virtual_machine_pool",
      "provider": "provider[\"registry.terraform.io/hashicorp/azurerm\"]",
      "instances": [
        {
          "schema_version": 0,
          "attributes": {
            "backend_ip_configurations": [
              "/subscriptions/14ab915d-41b0-4182-8f86-cd71430bb4b1/resourceGroups/NetworkRG/providers/Microsoft.Compute/virtualMachineScaleSets/ScalesetVM/virtualMachines/1/networkInterfaces/scalesetinterface/ipConfigurations/internal",
              "/subscriptions/14ab915d-41b0-4182-8f86-cd71430bb4b1/resourceGroups/NetworkRG/providers/Microsoft.Compute/virtualMachineScaleSets/ScalesetVM/virtualMachines/3/networkInterfaces/scalesetinterface/ipConfigurations/internal"
            ],
            "id": "/subscriptions/14ab915d-41b0-4182-8f86-cd71430bb4b1/resourceGroups/NetworkRG/providers/Microsoft.Network/loadBalancers/app-balancer/backendAddressPools/VirtualMachinePool",
            "inbound_nat_rules": [],
            "load_balancing_rules": [
              "/subscriptions/14ab915d-41b0-4182-8f86-cd71430bb4b1/resourceGroups/NetworkRG/providers/Microsoft.Network/loadBalancers/app-balancer/loadBalancingRules/RuleA"
            ],
            "loadbalancer_id": "/subscriptions/14ab915d-41b0-4182-8f86-cd71430bb4b1/resourceGroups/NetworkRG/providers/Microsoft.Network/loadBalancers/app-balancer",
            "name": "VirtualMachinePool",
            "outbound_rules": [],
            "synchronous_mode": "",
            "timeouts": null,
            "tunnel_interface": [],
            "virtual_network_id": ""
          },
          "sensitive_attributes": [],
          "identity_schema_version": 0,
          "private": "eyJlMmJmYjczMC1lY2FhLTExZTYtOGY4OC0zNDM2M2JjN2M0YzAiOnsiY3JlYXRlIjoxODAwMDAwMDAwMDAwLCJkZWxldGUiOjE4MDAwMDAwMDAwMDAsInJlYWQiOjMwMDAwMDAwMDAwMCwidXBkYXRlIjoxODAwMDAwMDAwMDAwfX0=",
          "dependencies": [
            "module.load-balance.azurerm_lb.appbalancer",
            "module.load-balance.azurerm_public_ip.Load_Balancer_Pip"
          ]
        }
      ]
    },
    {
      "module": "module.load-balance",
      "mode": "managed",
      "type": "azurerm_lb_probe",
      "name": "probeA",
      "provider": "provider[\"registry.terraform.io/hashicorp/azurerm\"]",
      "instances": [
        {
          "schema_version": 0,
          "attributes": {
            "id": "/subscriptions/14ab915d-41b0-4182-8f86-cd71430bb4b1/resourceGroups/NetworkRG/providers/Microsoft.Network/loadBalancers/app-balancer/probes/probeA",
            "interval_in_seconds": 15,
            "load_balancer_rules": [
              "/subscriptions/14ab915d-41b0-4182-8f86-cd71430bb4b1/resourceGroups/NetworkRG/providers/Microsoft.Network/loadBalancers/app-balancer/loadBalancingRules/RuleA"
            ],
            "loadbalancer_id": "/subscriptions/14ab915d-41b0-4182-8f86-cd71430bb4b1/resourceGroups/NetworkRG/providers/Microsoft.Network/loadBalancers/app-balancer",
            "name": "probeA",
            "number_of_probes": 2,
            "port": 80,
            "probe_threshold": 1,
            "protocol": "Tcp",
            "request_path": "",
            "timeouts": null
          },
          "sensitive_attributes": [],
          "identity_schema_version": 0,
          "private": "eyJlMmJmYjczMC1lY2FhLTExZTYtOGY4OC0zNDM2M2JjN2M0YzAiOnsiY3JlYXRlIjoxODAwMDAwMDAwMDAwLCJkZWxldGUiOjE4MDAwMDAwMDAwMDAsInJlYWQiOjMwMDAwMDAwMDAwMCwidXBkYXRlIjoxODAwMDAwMDAwMDAwfX0=",
          "dependencies": [
            "module.load-balance.azurerm_lb.appbalancer",
            "module.load-balance.azurerm_public_ip.Load_Balancer_Pip"
          ]
        }
      ]
    },
    {
      "module": "module.load-balance",
      "mode": "managed",
      "type": "azurerm_lb_rule",
      "name": "RuleA",
      "provider": "provider[\"registry.terraform.io/hashicorp/azurerm\"]",
      "instances": [
        {
          "schema_version": 0,
          "attributes": {
            "backend_address_pool_ids": [
              "/subscriptions/14ab915d-41b0-4182-8f86-cd71430bb4b1/resourceGroups/NetworkRG/providers/Microsoft.Network/loadBalancers/app-balancer/backendAddressPools/VirtualMachinePool"
            ],
            "backend_port": 80,
            "disable_outbound_snat": false,
            "enable_floating_ip": false,
            "enable_tcp_reset": false,
            "floating_ip_enabled": false,
            "frontend_ip_configuration_id": "/subscriptions/14ab915d-41b0-4182-8f86-cd71430bb4b1/resourceGroups/NetworkRG/providers/Microsoft.Network/loadBalancers/app-balancer/frontendIPConfigurations/frontend-ip",
            "frontend_ip_configuration_name": "frontend-ip",
            "frontend_port": 80,
            "id": "/subscriptions/14ab915d-41b0-4182-8f86-cd71430bb4b1/resourceGroups/NetworkRG/providers/Microsoft.Network/loadBalancers/app-balancer/loadBalancingRules/RuleA",
            "idle_timeout_in_minutes": 4,
            "load_distribution": "Default",
            "loadbalancer_id": "/subscriptions/14ab915d-41b0-4182-8f86-cd71430bb4b1/resourceGroups/NetworkRG/providers/Microsoft.Network/loadBalancers/app-balancer",
            "name": "RuleA",
            "probe_id": "/subscriptions/14ab915d-41b0-4182-8f86-cd71430bb4b1/resourceGroups/NetworkRG/providers/Microsoft.Network/loadBalancers/app-balancer/probes/probeA",
            "protocol": "Tcp",
            "tcp_reset_enabled": false,
            "timeouts": null
          },
          "sensitive_attributes": [],
          "identity_schema_version": 0,
          "private": "eyJlMmJmYjczMC1lY2FhLTExZTYtOGY4OC0zNDM2M2JjN2M0YzAiOnsiY3JlYXRlIjoxODAwMDAwMDAwMDAwLCJkZWxldGUiOjE4MDAwMDAwMDAwMDAsInJlYWQiOjMwMDAwMDAwMDAwMCwidXBkYXRlIjoxODAwMDAwMDAwMDAwfX0=",
          "dependencies": [
            "module.load-balance.azurerm_lb.appbalancer",
            "module.load-balance.azurerm_lb_backend_address_pool.virtual_machine_pool",
            "module.load-balance.azurerm_lb_probe.probeA",
            "module.load-balance.azurerm_public_ip.Load_Balancer_Pip"
          ]
        }
      ]
    },
    {
      "module": "module.load-balance",
      "mode": "managed",
      "type": "azurerm_public_ip",
      "name": "Load_Balancer_Pip",
      "provider": "provider[\"registry.terraform.io/hashicorp/azurerm\"]",
      "instances": [
        {
          "schema_version": 0,
          "attributes": {
            "allocation_method": "Static",
            "ddos_protection_mode": "VirtualNetworkInherited",
            "ddos_protection_plan_id": null,
            "domain_name_label": null,
            "domain_name_label_scope": null,
            "edge_zone": "",
            "fqdn": null,
            "id": "/subscriptions/14ab915d-41b0-4182-8f86-cd71430bb4b1/resourceGroups/NetworkRG/providers/Microsoft.Network/publicIPAddresses/Load_Balancer_Pip",
            "idle_timeout_in_minutes": 4,
            "ip_address": "20.12.224.144",
            "ip_tags": {},
            "ip_version": "IPv4",
            "location": "centralus",
            "name": "Load_Balancer_Pip",
            "public_ip_prefix_id": null,
            "resource_group_name": "NetworkRG",
            "reverse_fqdn": null,
            "sku": "Standard",
            "sku_tier": "Regional",
            "tags": {},
            "timeouts": null,
            "zones": []
          },
          "sensitive_attributes": [],
          "identity_schema_version": 0,
          "private": "eyJlMmJmYjczMC1lY2FhLTExZTYtOGY4OC0zNDM2M2JjN2M0YzAiOnsiY3JlYXRlIjoxODAwMDAwMDAwMDAwLCJkZWxldGUiOjE4MDAwMDAwMDAwMDAsInJlYWQiOjMwMDAwMDAwMDAwMCwidXBkYXRlIjoxODAwMDAwMDAwMDAwfX0="
        }
      ]
    },
    {
      "module": "module.network",
      "mode": "managed",
      "type": "azurerm_network_security_group",
      "name": "Network_Security_Group",
      "provider": "provider[\"registry.terraform.io/hashicorp/azurerm\"]",
      "instances": [
        {
          "schema_version": 0,
          "attributes": {
            "id": "/subscriptions/14ab915d-41b0-4182-8f86-cd71430bb4b1/resourceGroups/NetworkRG/providers/Microsoft.Network/networkSecurityGroups/network-nsg",
            "location": "centralus",
            "name": "network-nsg",
            "resource_group_name": "NetworkRG",
            "security_rule": [
              {
                "access": "Allow",
                "description": "",
                "destination_address_prefix": "*",
                "destination_address_prefixes": [],
                "destination_application_security_group_ids": [],
                "destination_port_range": "22",
                "destination_port_ranges": [],
                "direction": "Inbound",
                "name": "Allow-22",
                "priority": 300,
                "protocol": "Tcp",
                "source_address_prefix": "*",
                "source_address_prefixes": [],
                "source_application_security_group_ids": [],
                "source_port_range": "*",
                "source_port_ranges": []
              },
              {
                "access": "Allow",
                "description": "",
                "destination_address_prefix": "*",
                "destination_address_prefixes": [],
                "destination_application_security_group_ids": [],
                "destination_port_range": "80",
                "destination_port_ranges": [],
                "direction": "Inbound",
                "name": "Allow-80",
                "priority": 310,
                "protocol": "Tcp",
                "source_address_prefix": "*",
                "source_address_prefixes": [],
                "source_application_security_group_ids": [],
                "source_port_range": "*",
                "source_port_ranges": []
              }
            ],
            "tags": {},
            "timeouts": null
          },
          "sensitive_attributes": [],
          "identity_schema_version": 0,
          "identity": {
            "name": "network-nsg",
            "resource_group_name": "NetworkRG",
            "subscription_id": "14ab915d-41b0-4182-8f86-cd71430bb4b1"
          },
          "private": "eyJlMmJmYjczMC1lY2FhLTExZTYtOGY4OC0zNDM2M2JjN2M0YzAiOnsiY3JlYXRlIjoxODAwMDAwMDAwMDAwLCJkZWxldGUiOjE4MDAwMDAwMDAwMDAsInJlYWQiOjMwMDAwMDAwMDAwMCwidXBkYXRlIjoxODAwMDAwMDAwMDAwfX0=",
          "dependencies": [
            "module.resource-group.azurerm_resource_group.NetworkRG"
          ]
        }
      ]
    },
    {
      "module": "module.network",
      "mode": "managed",
      "type": "azurerm_subnet",
      "name": "Network_subnets",
      "provider": "provider[\"registry.terraform.io/hashicorp/azurerm\"]",
      "instances": [
        {
          "index_key": 0,
          "schema_version": 0,
          "attributes": {
            "address_prefixes": [
              "10.0.0.0/24"
            ],
            "default_outbound_access_enabled": true,
            "delegation": [],
            "id": "/subscriptions/14ab915d-41b0-4182-8f86-cd71430bb4b1/resourceGroups/NetworkRG/providers/Microsoft.Network/virtualNetworks/vnet01/subnets/subnet0",
            "ip_address_pool": [],
            "name": "subnet0",
            "private_endpoint_network_policies": "Disabled",
            "private_link_service_network_policies_enabled": true,
            "resource_group_name": "NetworkRG",
            "service_endpoint_policy_ids": [],
            "service_endpoints": [],
            "sharing_scope": "",
            "timeouts": null,
            "virtual_network_name": "vnet01"
          },
          "sensitive_attributes": [],
          "identity_schema_version": 0,
          "identity": {
            "name": "subnet0",
            "resource_group_name": "NetworkRG",
            "subscription_id": "14ab915d-41b0-4182-8f86-cd71430bb4b1",
            "virtual_network_name": "vnet01"
          },
          "private": "eyJlMmJmYjczMC1lY2FhLTExZTYtOGY4OC0zNDM2M2JjN2M0YzAiOnsiY3JlYXRlIjoxODAwMDAwMDAwMDAwLCJkZWxldGUiOjE4MDAwMDAwMDAwMDAsInJlYWQiOjMwMDAwMDAwMDAwMCwidXBkYXRlIjoxODAwMDAwMDAwMDAwfX0=",
          "dependencies": [
            "module.network.azurerm_virtual_network.Vnet01",
            "module.resource-group.azurerm_resource_group.NetworkRG"
          ]
        }
      ]
    },
    {
      "module": "module.network",
      "mode": "managed",
      "type": "azurerm_subnet_network_security_group_association",
      "name": "subnet_nsg",
      "provider": "provider[\"registry.terraform.io/hashicorp/azurerm\"]",
      "instances": [
        {
          "index_key": 0,
          "schema_version": 0,
          "attributes": {
            "id": "/subscriptions/14ab915d-41b0-4182-8f86-cd71430bb4b1/resourceGroups/NetworkRG/providers/Microsoft.Network/virtualNetworks/vnet01/subnets/subnet0",
            "network_security_group_id": "/subscriptions/14ab915d-41b0-4182-8f86-cd71430bb4b1/resourceGroups/NetworkRG/providers/Microsoft.Network/networkSecurityGroups/network-nsg",
            "subnet_id": "/subscriptions/14ab915d-41b0-4182-8f86-cd71430bb4b1/resourceGroups/NetworkRG/providers/Microsoft.Network/virtualNetworks/vnet01/subnets/subnet0",
            "timeouts": null
          },
          "sensitive_attributes": [],
          "identity_schema_version": 0,
          "private": "eyJlMmJmYjczMC1lY2FhLTExZTYtOGY4OC0zNDM2M2JjN2M0YzAiOnsiY3JlYXRlIjoxODAwMDAwMDAwMDAwLCJkZWxldGUiOjE4MDAwMDAwMDAwMDAsInJlYWQiOjMwMDAwMDAwMDAwMH19",
          "dependencies": [
            "module.network.azurerm_network_security_group.Network_Security_Group",
            "module.network.azurerm_subnet.Network_subnets",
            "module.network.azurerm_virtual_network.Vnet01",
            "module.resource-group.azurerm_resource_group.NetworkRG"
          ]
        }
      ]
    },
    {
      "module": "module.network",
      "mode": "managed",
      "type": "azurerm_virtual_network",
      "name": "Vnet01",
      "provider": "provider[\"registry.terraform.io/hashicorp/azurerm\"]",
      "instances": [
        {
          "schema_version": 0,
          "attributes": {
            "address_space": [
              "10.0.0.0/16"
            ],
            "bgp_community": "",
            "ddos_protection_plan": [],
            "dns_servers": [],
            "edge_zone": "",
            "encryption": [],
            "flow_timeout_in_minutes": 0,
            "guid": "80c81a40-d3f1-4229-9316-5c989114cd3f",
            "id": "/subscriptions/14ab915d-41b0-4182-8f86-cd71430bb4b1/resourceGroups/NetworkRG/providers/Microsoft.Network/virtualNetworks/vnet01",
            "ip_address_pool": [],
            "location": "centralus",
            "name": "vnet01",
            "private_endpoint_vnet_policies": "Disabled",
            "resource_group_name": "NetworkRG",
            "subnet": [
              {
                "address_prefixes": [
                  "10.0.0.0/24"
                ],
                "default_outbound_access_enabled": true,
                "delegation": [],
                "id": "/subscriptions/14ab915d-41b0-4182-8f86-cd71430bb4b1/resourceGroups/NetworkRG/providers/Microsoft.Network/virtualNetworks/vnet01/subnets/subnet0",
                "name": "subnet0",
                "private_endpoint_network_policies": "Disabled",
                "private_link_service_network_policies_enabled": true,
                "route_table_id": "",
                "security_group": "/subscriptions/14ab915d-41b0-4182-8f86-cd71430bb4b1/resourceGroups/NetworkRG/providers/Microsoft.Network/networkSecurityGroups/network-nsg",
                "service_endpoint_policy_ids": [],
                "service_endpoints": []
              }
            ],
            "tags": {},
            "timeouts": null
          },
          "sensitive_attributes": [],
          "identity_schema_version": 0,
          "identity": {
            "name": "vnet01",
            "resource_group_name": "NetworkRG",
            "subscription_id": "14ab915d-41b0-4182-8f86-cd71430bb4b1"
          },
          "private": "eyJlMmJmYjczMC1lY2FhLTExZTYtOGY4OC0zNDM2M2JjN2M0YzAiOnsiY3JlYXRlIjoxODAwMDAwMDAwMDAwLCJkZWxldGUiOjE4MDAwMDAwMDAwMDAsInJlYWQiOjMwMDAwMDAwMDAwMCwidXBkYXRlIjoxODAwMDAwMDAwMDAwfX0=",
          "dependencies": [
            "module.resource-group.azurerm_resource_group.NetworkRG"
          ]
        }
      ]
    },
    {
      "module": "module.resource-group",
      "mode": "managed",
      "type": "azurerm_resource_group",
      "name": "NetworkRG",
      "provider": "provider[\"registry.terraform.io/hashicorp/azurerm\"]",
      "instances": [
        {
          "schema_version": 0,
          "attributes": {
            "id": "/subscriptions/14ab915d-41b0-4182-8f86-cd71430bb4b1/resourceGroups/NetworkRG",
            "location": "centralus",
            "managed_by": "",
            "name": "NetworkRG",
            "tags": {},
            "timeouts": null
          },
          "sensitive_attributes": [],
          "identity_schema_version": 0,
          "identity": {
            "name": "NetworkRG",
            "subscription_id": "14ab915d-41b0-4182-8f86-cd71430bb4b1"
          },
          "private": "eyJlMmJmYjczMC1lY2FhLTExZTYtOGY4OC0zNDM2M2JjN2M0YzAiOnsiY3JlYXRlIjo1NDAwMDAwMDAwMDAwLCJkZWxldGUiOjU0MDAwMDAwMDAwMDAsInJlYWQiOjMwMDAwMDAwMDAwMCwidXBkYXRlIjo1NDAwMDAwMDAwMDAwfX0="
        }
      ]
    },
    {
      "module": "module.virtualMachine-Scale-Set",
      "mode": "data",
      "type": "local_file",
      "name": "cloudinit",
      "provider": "provider[\"registry.terraform.io/hashicorp/local\"]",
      "instances": [
        {
          "schema_version": 0,
          "attributes": {
            "content": "package_upgrade: true\npackage : \n  - nginx",
            "content_base64": "cGFja2FnZV91cGdyYWRlOiB0cnVlCnBhY2thZ2UgOiAKICAtIG5naW54",
            "content_base64sha256": "o3ec7wog+wTW27uEdbgj2Nwb4j2nNczANEQAc7km9Vg=",
            "content_base64sha512": "xEBGEFNkExFoOLemJXurVsOCiLOIRCCvoL4OTOciLoV1M0WfjtQzW5Kf0nbpaHlr4L+otvTsjD95L5n6g3RauQ==",
            "content_md5": "4e08c02f01502b852e3b7f6280d1c86b",
            "content_sha1": "e92a71e9cd498ec13f0bb1c96acd989357994fd8",
            "content_sha256": "a3779cef0a20fb04d6dbbb8475b823d8dc1be23da735ccc034440073b926f558",
            "content_sha512": "c4404610536413116838b7a6257bab56c38288b3884420afa0be0e4ce7222e857533459f8ed4335b929fd276e968796be0bfa8b6f4ec8c3f792f99fa83745ab9",
            "filename": "./modules/compute/scalesets/cloudinit",
            "id": "e92a71e9cd498ec13f0bb1c96acd989357994fd8"
          },
          "sensitive_attributes": [],
          "identity_schema_version": 0
        }
      ]
    },
    {
      "module": "module.virtualMachine-Scale-Set",
      "mode": "managed",
      "type": "azurerm_linux_virtual_machine_scale_set",
      "name": "ScalesetVM",
      "provider": "provider[\"registry.terraform.io/hashicorp/azurerm\"]",
      "instances": [
        {
          "schema_version": 0,
          "attributes": {
            "additional_capabilities": [],
            "admin_password": "Bankfab.1234$",
            "admin_ssh_key": [],
            "admin_username": "adam",
            "automatic_instance_repair": [],
            "automatic_os_upgrade_policy": [],
            "boot_diagnostics": [],
            "capacity_reservation_group_id": "",
            "computer_name_prefix": "ScalesetVM",
            "custom_data": "cGFja2FnZV91cGdyYWRlOiB0cnVlCnBhY2thZ2UgOiAKICAtIG5naW54",
            "data_disk": [],
            "disable_password_authentication": false,
            "do_not_run_extensions_on_overprovisioned_machines": false,
            "edge_zone": "",
            "encryption_at_host_enabled": false,
            "eviction_policy": "",
            "extension": [],
            "extension_operations_enabled": true,
            "extensions_time_budget": "PT1H30M",
            "gallery_application": [],
            "health_probe_id": "",
            "host_group_id": null,
            "id": "/subscriptions/14ab915d-41b0-4182-8f86-cd71430bb4b1/resourceGroups/NetworkRG/providers/Microsoft.Compute/virtualMachineScaleSets/ScalesetVM",
            "identity": [],
            "instances": 2,
            "location": "centralus",
            "max_bid_price": -1,
            "name": "ScalesetVM",
            "network_interface": [
              {
                "auxiliary_mode": "",
                "auxiliary_sku": "",
                "dns_servers": [],
                "enable_accelerated_networking": false,
                "enable_ip_forwarding": false,
                "ip_configuration": [
                  {
                    "application_gateway_backend_address_pool_ids": [],
                    "application_security_group_ids": [],
                    "load_balancer_backend_address_pool_ids": [
                      "/subscriptions/14ab915d-41b0-4182-8f86-cd71430bb4b1/resourceGroups/NetworkRG/providers/Microsoft.Network/loadBalancers/app-balancer/backendAddressPools/VirtualMachinePool"
                    ],
                    "load_balancer_inbound_nat_rules_ids": [],
                    "name": "internal",
                    "primary": true,
                    "public_ip_address": [],
                    "subnet_id": "/subscriptions/14ab915d-41b0-4182-8f86-cd71430bb4b1/resourceGroups/NetworkRG/providers/Microsoft.Network/virtualNetworks/vnet01/subnets/subnet0",
                    "version": "IPv4"
                  }
                ],
                "name": "scalesetinterface",
                "network_security_group_id": "",
                "primary": true
              }
            ],
            "os_disk": [
              {
                "caching": "ReadWrite",
                "diff_disk_settings": [],
                "disk_encryption_set_id": "",
                "disk_size_gb": 30,
                "secure_vm_disk_encryption_set_id": "",
                "security_encryption_type": "",
                "storage_account_type": "Standard_LRS",
                "write_accelerator_enabled": false
              }
            ],
            "overprovision": true,
            "plan": [],
            "platform_fault_domain_count": 5,
            "priority": "Regular",
            "provision_vm_agent": true,
            "proximity_placement_group_id": "",
            "resilient_vm_creation_enabled": false,
            "resilient_vm_deletion_enabled": false,
            "resource_group_name": "NetworkRG",
            "rolling_upgrade_policy": [],
            "scale_in": [],
            "secret": [],
            "secure_boot_enabled": false,
            "single_placement_group": true,
            "sku": "Standard_B1s",
            "source_image_id": "",
            "source_image_reference": [
              {
                "offer": "0001-com-ubuntu-server-jammy",
                "publisher": "Canonical",
                "sku": "22_04-lts",
                "version": "latest"
              }
            ],
            "spot_restore": [],
            "tags": {},
            "termination_notification": [],
            "timeouts": null,
            "unique_id": "e236ae4e-7ef0-4b73-92f4-ce6689754861",
            "upgrade_mode": "Manual",
            "user_data": "",
            "vtpm_enabled": false,
            "zone_balance": false,
            "zones": []
          },
          "sensitive_attributes": [
            [
              {
                "type": "get_attr",
                "value": "admin_password"
              }
            ],
            [
              {
                "type": "get_attr",
                "value": "custom_data"
              }
            ]
          ],
          "identity_schema_version": 0,
          "private": "eyJlMmJmYjczMC1lY2FhLTExZTYtOGY4OC0zNDM2M2JjN2M0YzAiOnsiY3JlYXRlIjozNjAwMDAwMDAwMDAwLCJkZWxldGUiOjM2MDAwMDAwMDAwMDAsInJlYWQiOjMwMDAwMDAwMDAwMCwidXBkYXRlIjozNjAwMDAwMDAwMDAwfX0=",
          "dependencies": [
            "module.load-balance.azurerm_lb.appbalancer",
            "module.load-balance.azurerm_lb_backend_address_pool.virtual_machine_pool",
            "module.load-balance.azurerm_public_ip.Load_Balancer_Pip",
            "module.network.azurerm_subnet.Network_subnets",
            "module.network.azurerm_virtual_network.Vnet01",
            "module.resource-group.azurerm_resource_group.NetworkRG",
            "module.virtualMachine-Scale-Set.data.local_file.cloudinit"
          ]
        }
      ]
    }
  ],
  "check_results": null
}
